
Microsoft Visual Studio Solution File, Format Version 12.00
# Visual Studio Version 17
VisualStudioVersion = 17.11.35303.130
MinimumVisualStudioVersion = 10.0.40219.1
Project("{FAE04EC0-301F-11D3-BF4B-00C04F79EFBC}") = "MvcDevOpsQuiz4", "MvcDevOpsQuiz4\MvcDevOpsQuiz4.csproj", "{06E8D9FD-AEFA-45E2-8029-5E2C6922BEB3}"
EndProject
Global
	GlobalSection(SolutionConfigurationPlatforms) = preSolution
		Debug|Any CPU = Debug|Any CPU
		Release|Any CPU = Release|Any CPU
	EndGlobalSection
	GlobalSection(ProjectConfigurationPlatforms) = postSolution
		{06E8D9FD-AEFA-45E2-8029-5E2C6922BEB3}.Debug|Any CPU.ActiveCfg = Debug|Any CPU
		{06E8D9FD-AEFA-45E2-8029-5E2C6922BEB3}.Debug|Any CPU.Build.0 = Debug|Any CPU
		{06E8D9FD-AEFA-45E2-8029-5E2C6922BEB3}.Release|Any CPU.ActiveCfg = Release|Any CPU
		{06E8D9FD-AEFA-45E2-8029-5E2C6922BEB3}.Release|Any CPU.Build.0 = Release|Any CPU
	EndGlobalSection
	GlobalSection(SolutionProperties) = preSolution
		HideSolutionNode = FALSE
	EndGlobalSection
	GlobalSection(ExtensibilityGlobals) = postSolution
		SolutionGuid = {CAFE6F1E-1CC4-4B38-92B0-A1E40B55966A}
	EndGlobalSection
EndGlobal
